
Microsoft Visual Studio Solution File, Format Version 12.00
# Visual Studio Version 17
VisualStudioVersion = 17.9.34902.65
MinimumVisualStudioVersion = 10.0.40219.1
Project("{2150E333-8FDC-42A3-9474-1A3956D46DE8}") = "EShop", "EShop", "{73FF8B76-103D-4C96-A6E1-C9B5ACDE7EE0}"
EndProject
Project("{FAE04EC0-301F-11D3-BF4B-00C04F79EFBC}") = "EShop.Web", "EShop.Web\EShop.Web.csproj", "{A0557FF3-261D-4C3F-B5A0-B736CA8A01A1}"
EndProject
Project("{FAE04EC0-301F-11D3-BF4B-00C04F79EFBC}") = "EShop.Domain", "EShop.Domain\EShop.Domain.csproj", "{332C42FE-454D-4B79-9888-6ECA9E80F5B3}"
EndProject
Global
	GlobalSection(SolutionConfigurationPlatforms) = preSolution
		Debug|Any CPU = Debug|Any CPU
		Release|Any CPU = Release|Any CPU
	EndGlobalSection
	GlobalSection(ProjectConfigurationPlatforms) = postSolution
		{A0557FF3-261D-4C3F-B5A0-B736CA8A01A1}.Debug|Any CPU.ActiveCfg = Debug|Any CPU
		{A0557FF3-261D-4C3F-B5A0-B736CA8A01A1}.Debug|Any CPU.Build.0 = Debug|Any CPU
		{A0557FF3-261D-4C3F-B5A0-B736CA8A01A1}.Release|Any CPU.ActiveCfg = Release|Any CPU
		{A0557FF3-261D-4C3F-B5A0-B736CA8A01A1}.Release|Any CPU.Build.0 = Release|Any CPU
		{332C42FE-454D-4B79-9888-6ECA9E80F5B3}.Debug|Any CPU.ActiveCfg = Debug|Any CPU
		{332C42FE-454D-4B79-9888-6ECA9E80F5B3}.Debug|Any CPU.Build.0 = Debug|Any CPU
		{332C42FE-454D-4B79-9888-6ECA9E80F5B3}.Release|Any CPU.ActiveCfg = Release|Any CPU
		{332C42FE-454D-4B79-9888-6ECA9E80F5B3}.Release|Any CPU.Build.0 = Release|Any CPU
	EndGlobalSection
	GlobalSection(SolutionProperties) = preSolution
		HideSolutionNode = FALSE
	EndGlobalSection
	GlobalSection(NestedProjects) = preSolution
		{A0557FF3-261D-4C3F-B5A0-B736CA8A01A1} = {73FF8B76-103D-4C96-A6E1-C9B5ACDE7EE0}
		{332C42FE-454D-4B79-9888-6ECA9E80F5B3} = {73FF8B76-103D-4C96-A6E1-C9B5ACDE7EE0}
	EndGlobalSection
	GlobalSection(ExtensibilityGlobals) = postSolution
		SolutionGuid = {5305B8B1-E8A8-454A-B773-AE7AE0F62F35}
	EndGlobalSection
EndGlobal
